{
  "name": "valorant-replay-probe",
  "version": "0.1.0",
  "lockfileVersion": 3,
  "requires": true,
  "packages": {
    "": {
      "name": "valorant-replay-probe",
      "version": "0.1.0",
      "dependencies": {
        "ooz-wasm": "^1.0.0",
        "zstddec": "^0.2.0"
      }
    },
    "node_modules/ooz-wasm": {
      "version": "1.0.1",
      "resolved": "https://registry.npmjs.org/ooz-wasm/-/ooz-wasm-1.0.1.tgz",
      "integrity": "sha512-YprakwWwn4flT9NU/ipBw/ajQwq6Z+sdPy3DsuUKSpdXkfFEI8WWaLC/SvzAKacKwyOrbkzR5oKeKYOvM8oRaw==",
      "license": "GPL-3.0-or-later"
    },
    "node_modules/zstddec": {
      "version": "0.2.0",
      "resolved": "https://registry.npmjs.org/zstddec/-/zstddec-0.2.0.tgz",
      "integrity": "sha512-oyPnDa1X5c13+Y7mA/FDMNJrn4S8UNBe0KCqtDmor40Re7ALrPN6npFwyYVRRh+PqozZQdeg23QtbcamZnG5rA==",
      "license": "MIT AND BSD-3-Clause"
    }
  }
}
